
Microsoft Visual Studio Solution File, Format Version 12.00
# Visual Studio Version 17
VisualStudioVersion = 17.3.32929.385
MinimumVisualStudioVersion = 10.0.40219.1
Project("{FAE04EC0-301F-11D3-BF4B-00C04F79EFBC}") = "CalculatIons", "CalculatIons.csproj", "{AAD9EB5C-C83C-4170-B915-AB3E8D9B191E}"
EndProject
Global
	GlobalSection(SolutionConfigurationPlatforms) = preSolution
		Debug|Any CPU = Debug|Any CPU
		Release|Any CPU = Release|Any CPU
	EndGlobalSection
	GlobalSection(ProjectConfigurationPlatforms) = postSolution
		{AAD9EB5C-C83C-4170-B915-AB3E8D9B191E}.Debug|Any CPU.ActiveCfg = Debug|Any CPU
		{AAD9EB5C-C83C-4170-B915-AB3E8D9B191E}.Debug|Any CPU.Build.0 = Debug|Any CPU
		{AAD9EB5C-C83C-4170-B915-AB3E8D9B191E}.Release|Any CPU.ActiveCfg = Release|Any CPU
		{AAD9EB5C-C83C-4170-B915-AB3E8D9B191E}.Release|Any CPU.Build.0 = Release|Any CPU
	EndGlobalSection
	GlobalSection(SolutionProperties) = preSolution
		HideSolutionNode = FALSE
	EndGlobalSection
	GlobalSection(ExtensibilityGlobals) = postSolution
		SolutionGuid = {9CA81160-C8F9-4B0D-92A1-F92A91BF2501}
	EndGlobalSection
EndGlobal
